
Microsoft Visual Studio Solution File, Format Version 12.00
# Visual Studio 14
VisualStudioVersion = 14.0.25420.1
MinimumVisualStudioVersion = 10.0.40219.1
Project("{2150E333-8FDC-42A3-9474-1A3956D46DE8}") = "DAL", "DAL", "{DDA1B68D-0B53-4853-A177-3232743A6489}"
EndProject
Project("{2150E333-8FDC-42A3-9474-1A3956D46DE8}") = "BL", "BL", "{57197DE0-62F8-4BF7-A7C2-D3940005A6CB}"
EndProject
Project("{2150E333-8FDC-42A3-9474-1A3956D46DE8}") = "Services", "Services", "{ADD9B691-4FEC-47CC-9949-25AEED6D9B81}"
EndProject
Project("{2150E333-8FDC-42A3-9474-1A3956D46DE8}") = "UI", "UI", "{1A4390BC-7870-4B35-9737-A47BB16C9D5E}"
EndProject
Project("{FAE04EC0-301F-11D3-BF4B-00C04F79EFBC}") = "TestMSMQ", "WindowsFormsApplication1\TestMSMQ.csproj", "{F134F79F-B0FD-41EE-97C4-CAFDBDE0325E}"
EndProject
Project("{FAE04EC0-301F-11D3-BF4B-00C04F79EFBC}") = "MSMQ", "MSMQ\MSMQ.csproj", "{7B2560FF-C541-4996-B600-1775FB97D8A9}"
EndProject
Project("{FAE04EC0-301F-11D3-BF4B-00C04F79EFBC}") = "ReservationMSMQ", "ReservationMSMQ\ReservationMSMQ.csproj", "{0083EE3B-52BF-44CD-8A55-DFDAF88F5184}"
EndProject
Project("{FAE04EC0-301F-11D3-BF4B-00C04F79EFBC}") = "Reservation", "Reservation\Reservation.csproj", "{45672D23-4D2E-41B4-94CD-237D993BD904}"
EndProject
Project("{FAE04EC0-301F-11D3-BF4B-00C04F79EFBC}") = "DBVol", "DBVol\DBVol.csproj", "{076A25D6-1061-4F63-B8B9-DF9E1ADB4312}"
EndProject
Project("{FAE04EC0-301F-11D3-BF4B-00C04F79EFBC}") = "DBHotel", "DBHotel\DBHotel.csproj", "{3AD5BF41-9B1D-481D-B44C-C0A6920D2379}"
EndProject
Project("{FAE04EC0-301F-11D3-BF4B-00C04F79EFBC}") = "WSHotel", "WSHotel\WSHotel.csproj", "{CE3DE955-66B9-455F-B50B-847DF31D0135}"
EndProject
Global
	GlobalSection(SolutionConfigurationPlatforms) = preSolution
		Debug|Any CPU = Debug|Any CPU
		Debug|x64 = Debug|x64
		Debug|x86 = Debug|x86
		Release|Any CPU = Release|Any CPU
		Release|x64 = Release|x64
		Release|x86 = Release|x86
	EndGlobalSection
	GlobalSection(ProjectConfigurationPlatforms) = postSolution
		{F134F79F-B0FD-41EE-97C4-CAFDBDE0325E}.Debug|Any CPU.ActiveCfg = Debug|Any CPU
		{F134F79F-B0FD-41EE-97C4-CAFDBDE0325E}.Debug|Any CPU.Build.0 = Debug|Any CPU
		{F134F79F-B0FD-41EE-97C4-CAFDBDE0325E}.Debug|x64.ActiveCfg = Debug|Any CPU
		{F134F79F-B0FD-41EE-97C4-CAFDBDE0325E}.Debug|x86.ActiveCfg = Debug|Any CPU
		{F134F79F-B0FD-41EE-97C4-CAFDBDE0325E}.Release|Any CPU.ActiveCfg = Release|Any CPU
		{F134F79F-B0FD-41EE-97C4-CAFDBDE0325E}.Release|Any CPU.Build.0 = Release|Any CPU
		{F134F79F-B0FD-41EE-97C4-CAFDBDE0325E}.Release|x64.ActiveCfg = Release|Any CPU
		{F134F79F-B0FD-41EE-97C4-CAFDBDE0325E}.Release|x86.ActiveCfg = Release|Any CPU
		{7B2560FF-C541-4996-B600-1775FB97D8A9}.Debug|Any CPU.ActiveCfg = Debug|Any CPU
		{7B2560FF-C541-4996-B600-1775FB97D8A9}.Debug|Any CPU.Build.0 = Debug|Any CPU
		{7B2560FF-C541-4996-B600-1775FB97D8A9}.Debug|x64.ActiveCfg = Debug|Any CPU
		{7B2560FF-C541-4996-B600-1775FB97D8A9}.Debug|x86.ActiveCfg = Debug|Any CPU
		{7B2560FF-C541-4996-B600-1775FB97D8A9}.Release|Any CPU.ActiveCfg = Release|Any CPU
		{7B2560FF-C541-4996-B600-1775FB97D8A9}.Release|Any CPU.Build.0 = Release|Any CPU
		{7B2560FF-C541-4996-B600-1775FB97D8A9}.Release|x64.ActiveCfg = Release|Any CPU
		{7B2560FF-C541-4996-B600-1775FB97D8A9}.Release|x86.ActiveCfg = Release|Any CPU
		{0083EE3B-52BF-44CD-8A55-DFDAF88F5184}.Debug|Any CPU.ActiveCfg = Debug|Any CPU
		{0083EE3B-52BF-44CD-8A55-DFDAF88F5184}.Debug|Any CPU.Build.0 = Debug|Any CPU
		{0083EE3B-52BF-44CD-8A55-DFDAF88F5184}.Debug|x64.ActiveCfg = Debug|Any CPU
		{0083EE3B-52BF-44CD-8A55-DFDAF88F5184}.Debug|x86.ActiveCfg = Debug|Any CPU
		{0083EE3B-52BF-44CD-8A55-DFDAF88F5184}.Release|Any CPU.ActiveCfg = Release|Any CPU
		{0083EE3B-52BF-44CD-8A55-DFDAF88F5184}.Release|Any CPU.Build.0 = Release|Any CPU
		{0083EE3B-52BF-44CD-8A55-DFDAF88F5184}.Release|x64.ActiveCfg = Release|Any CPU
		{0083EE3B-52BF-44CD-8A55-DFDAF88F5184}.Release|x86.ActiveCfg = Release|Any CPU
		{45672D23-4D2E-41B4-94CD-237D993BD904}.Debug|Any CPU.ActiveCfg = Debug|Any CPU
		{45672D23-4D2E-41B4-94CD-237D993BD904}.Debug|Any CPU.Build.0 = Debug|Any CPU
		{45672D23-4D2E-41B4-94CD-237D993BD904}.Debug|x64.ActiveCfg = Debug|Any CPU
		{45672D23-4D2E-41B4-94CD-237D993BD904}.Debug|x86.ActiveCfg = Debug|Any CPU
		{45672D23-4D2E-41B4-94CD-237D993BD904}.Release|Any CPU.ActiveCfg = Release|Any CPU
		{45672D23-4D2E-41B4-94CD-237D993BD904}.Release|Any CPU.Build.0 = Release|Any CPU
		{45672D23-4D2E-41B4-94CD-237D993BD904}.Release|x64.ActiveCfg = Release|Any CPU
		{45672D23-4D2E-41B4-94CD-237D993BD904}.Release|x86.ActiveCfg = Release|Any CPU
		{076A25D6-1061-4F63-B8B9-DF9E1ADB4312}.Debug|Any CPU.ActiveCfg = Debug|Any CPU
		{076A25D6-1061-4F63-B8B9-DF9E1ADB4312}.Debug|Any CPU.Build.0 = Debug|Any CPU
		{076A25D6-1061-4F63-B8B9-DF9E1ADB4312}.Debug|x64.ActiveCfg = Debug|Any CPU
		{076A25D6-1061-4F63-B8B9-DF9E1ADB4312}.Debug|x86.ActiveCfg = Debug|Any CPU
		{076A25D6-1061-4F63-B8B9-DF9E1ADB4312}.Release|Any CPU.ActiveCfg = Release|Any CPU
		{076A25D6-1061-4F63-B8B9-DF9E1ADB4312}.Release|Any CPU.Build.0 = Release|Any CPU
		{076A25D6-1061-4F63-B8B9-DF9E1ADB4312}.Release|x64.ActiveCfg = Release|Any CPU
		{076A25D6-1061-4F63-B8B9-DF9E1ADB4312}.Release|x86.ActiveCfg = Release|Any CPU
		{3AD5BF41-9B1D-481D-B44C-C0A6920D2379}.Debug|Any CPU.ActiveCfg = Debug|Any CPU
		{3AD5BF41-9B1D-481D-B44C-C0A6920D2379}.Debug|Any CPU.Build.0 = Debug|Any CPU
		{3AD5BF41-9B1D-481D-B44C-C0A6920D2379}.Debug|x64.ActiveCfg = Debug|Any CPU
		{3AD5BF41-9B1D-481D-B44C-C0A6920D2379}.Debug|x86.ActiveCfg = Debug|Any CPU
		{3AD5BF41-9B1D-481D-B44C-C0A6920D2379}.Release|Any CPU.ActiveCfg = Release|Any CPU
		{3AD5BF41-9B1D-481D-B44C-C0A6920D2379}.Release|Any CPU.Build.0 = Release|Any CPU
		{3AD5BF41-9B1D-481D-B44C-C0A6920D2379}.Release|x64.ActiveCfg = Release|Any CPU
		{3AD5BF41-9B1D-481D-B44C-C0A6920D2379}.Release|x86.ActiveCfg = Release|Any CPU
		{CE3DE955-66B9-455F-B50B-847DF31D0135}.Debug|Any CPU.ActiveCfg = Debug|Any CPU
		{CE3DE955-66B9-455F-B50B-847DF31D0135}.Debug|Any CPU.Build.0 = Debug|Any CPU
		{CE3DE955-66B9-455F-B50B-847DF31D0135}.Debug|x64.ActiveCfg = Debug|Any CPU
		{CE3DE955-66B9-455F-B50B-847DF31D0135}.Debug|x64.Build.0 = Debug|Any CPU
		{CE3DE955-66B9-455F-B50B-847DF31D0135}.Debug|x86.ActiveCfg = Debug|Any CPU
		{CE3DE955-66B9-455F-B50B-847DF31D0135}.Debug|x86.Build.0 = Debug|Any CPU
		{CE3DE955-66B9-455F-B50B-847DF31D0135}.Release|Any CPU.ActiveCfg = Release|Any CPU
		{CE3DE955-66B9-455F-B50B-847DF31D0135}.Release|Any CPU.Build.0 = Release|Any CPU
		{CE3DE955-66B9-455F-B50B-847DF31D0135}.Release|x64.ActiveCfg = Release|Any CPU
		{CE3DE955-66B9-455F-B50B-847DF31D0135}.Release|x64.Build.0 = Release|Any CPU
		{CE3DE955-66B9-455F-B50B-847DF31D0135}.Release|x86.ActiveCfg = Release|Any CPU
		{CE3DE955-66B9-455F-B50B-847DF31D0135}.Release|x86.Build.0 = Release|Any CPU
	EndGlobalSection
	GlobalSection(SolutionProperties) = preSolution
		HideSolutionNode = FALSE
	EndGlobalSection
	GlobalSection(NestedProjects) = preSolution
		{F134F79F-B0FD-41EE-97C4-CAFDBDE0325E} = {1A4390BC-7870-4B35-9737-A47BB16C9D5E}
		{7B2560FF-C541-4996-B600-1775FB97D8A9} = {DDA1B68D-0B53-4853-A177-3232743A6489}
		{0083EE3B-52BF-44CD-8A55-DFDAF88F5184} = {57197DE0-62F8-4BF7-A7C2-D3940005A6CB}
		{45672D23-4D2E-41B4-94CD-237D993BD904} = {57197DE0-62F8-4BF7-A7C2-D3940005A6CB}
		{076A25D6-1061-4F63-B8B9-DF9E1ADB4312} = {DDA1B68D-0B53-4853-A177-3232743A6489}
		{3AD5BF41-9B1D-481D-B44C-C0A6920D2379} = {DDA1B68D-0B53-4853-A177-3232743A6489}
		{CE3DE955-66B9-455F-B50B-847DF31D0135} = {ADD9B691-4FEC-47CC-9949-25AEED6D9B81}
	EndGlobalSection
EndGlobal
